{
  "originHash" : "9ecb60ae6b97f9b66bd963a9d15c0269d6f472130e4502d5665b3ae3293feb2c",
  "pins" : [
    {
      "identity" : "menubarextraaccess",
      "kind" : "remoteSourceControl",
      "location" : "https://github.com/orchetect/MenuBarExtraAccess",
      "state" : {
        "revision" : "707dff6f55217b3ef5b6be84ced3e83511d4df5c",
        "version" : "1.2.2"
      }
    },
    {
      "identity" : "rnnoise-spm",
      "kind" : "remoteSourceControl",
      "location" : "https://github.com/jkuri/rnnoise-spm",
      "state" : {
        "revision" : "7b88186f6d8ec3212713fe2f1748066b47f4b96d",
        "version" : "1.0.0"
      }
    },
    {
      "identity" : "swift-log",
      "kind" : "remoteSourceControl",
      "location" : "https://github.com/apple/swift-log",
      "state" : {
        "revision" : "2778fd4e5a12a8aaa30a3ee8285f4ce54c5f3181",
        "version" : "1.9.1"
      }
    }
  ],
  "version" : 3
}
